
Microsoft Visual Studio Solution File, Format Version 12.00
# Visual Studio Version 17
VisualStudioVersion = 17.6.33723.286
MinimumVisualStudioVersion = 10.0.40219.1
Project("{FAE04EC0-301F-11D3-BF4B-00C04F79EFBC}") = "BTLearn01", "BTLearn01.csproj", "{93371E96-E189-4C3D-B802-53689BE235CA}"
EndProject
Project("{FAE04EC0-301F-11D3-BF4B-00C04F79EFBC}") = "BTLearn03", "..\BTLearn03\BTLearn03.csproj", "{9FDC35C9-B6F0-4707-8629-74C6B130D1FE}"
EndProject
Project("{FAE04EC0-301F-11D3-BF4B-00C04F79EFBC}") = "BTLearn02", "..\BTLearn02\BTLearn02.csproj", "{C943DC7E-95F4-4928-9872-0188A2FFE110}"
EndProject
Global
	GlobalSection(SolutionConfigurationPlatforms) = preSolution
		Debug|Any CPU = Debug|Any CPU
		Release|Any CPU = Release|Any CPU
	EndGlobalSection
	GlobalSection(ProjectConfigurationPlatforms) = postSolution
		{93371E96-E189-4C3D-B802-53689BE235CA}.Debug|Any CPU.ActiveCfg = Debug|Any CPU
		{93371E96-E189-4C3D-B802-53689BE235CA}.Debug|Any CPU.Build.0 = Debug|Any CPU
		{93371E96-E189-4C3D-B802-53689BE235CA}.Release|Any CPU.ActiveCfg = Release|Any CPU
		{93371E96-E189-4C3D-B802-53689BE235CA}.Release|Any CPU.Build.0 = Release|Any CPU
		{9FDC35C9-B6F0-4707-8629-74C6B130D1FE}.Debug|Any CPU.ActiveCfg = Debug|Any CPU
		{9FDC35C9-B6F0-4707-8629-74C6B130D1FE}.Debug|Any CPU.Build.0 = Debug|Any CPU
		{9FDC35C9-B6F0-4707-8629-74C6B130D1FE}.Release|Any CPU.ActiveCfg = Release|Any CPU
		{9FDC35C9-B6F0-4707-8629-74C6B130D1FE}.Release|Any CPU.Build.0 = Release|Any CPU
		{C943DC7E-95F4-4928-9872-0188A2FFE110}.Debug|Any CPU.ActiveCfg = Debug|Any CPU
		{C943DC7E-95F4-4928-9872-0188A2FFE110}.Debug|Any CPU.Build.0 = Debug|Any CPU
		{C943DC7E-95F4-4928-9872-0188A2FFE110}.Release|Any CPU.ActiveCfg = Release|Any CPU
		{C943DC7E-95F4-4928-9872-0188A2FFE110}.Release|Any CPU.Build.0 = Release|Any CPU
	EndGlobalSection
	GlobalSection(SolutionProperties) = preSolution
		HideSolutionNode = FALSE
	EndGlobalSection
	GlobalSection(ExtensibilityGlobals) = postSolution
		SolutionGuid = {73440EEC-50A6-4A3B-B7AF-0F2A71CDCF3B}
	EndGlobalSection
EndGlobal
