
Microsoft Visual Studio Solution File, Format Version 12.00
# Visual Studio Version 17
VisualStudioVersion = 17.6.33723.286
MinimumVisualStudioVersion = 10.0.40219.1
Project("{FAE04EC0-301F-11D3-BF4B-00C04F79EFBC}") = "LearCodeGym", "LearCodeGym.csproj", "{59D335C5-9A5D-481C-8537-F4F5F301EF9A}"
EndProject
Global
	GlobalSection(SolutionConfigurationPlatforms) = preSolution
		Debug|Any CPU = Debug|Any CPU
		Release|Any CPU = Release|Any CPU
	EndGlobalSection
	GlobalSection(ProjectConfigurationPlatforms) = postSolution
		{59D335C5-9A5D-481C-8537-F4F5F301EF9A}.Debug|Any CPU.ActiveCfg = Debug|Any CPU
		{59D335C5-9A5D-481C-8537-F4F5F301EF9A}.Debug|Any CPU.Build.0 = Debug|Any CPU
		{59D335C5-9A5D-481C-8537-F4F5F301EF9A}.Release|Any CPU.ActiveCfg = Release|Any CPU
		{59D335C5-9A5D-481C-8537-F4F5F301EF9A}.Release|Any CPU.Build.0 = Release|Any CPU
	EndGlobalSection
	GlobalSection(SolutionProperties) = preSolution
		HideSolutionNode = FALSE
	EndGlobalSection
	GlobalSection(ExtensibilityGlobals) = postSolution
		SolutionGuid = {833A8679-7556-4497-93BB-5F1118973A24}
	EndGlobalSection
EndGlobal
