
Microsoft Visual Studio Solution File, Format Version 12.00
# Visual Studio Version 17
VisualStudioVersion = 17.6.33723.286
MinimumVisualStudioVersion = 10.0.40219.1
Project("{FAE04EC0-301F-11D3-BF4B-00C04F79EFBC}") = "TH02", "TH02.csproj", "{506C441E-3F0C-4925-836A-081F512E123C}"
EndProject
Global
	GlobalSection(SolutionConfigurationPlatforms) = preSolution
		Debug|Any CPU = Debug|Any CPU
		Release|Any CPU = Release|Any CPU
	EndGlobalSection
	GlobalSection(ProjectConfigurationPlatforms) = postSolution
		{506C441E-3F0C-4925-836A-081F512E123C}.Debug|Any CPU.ActiveCfg = Debug|Any CPU
		{506C441E-3F0C-4925-836A-081F512E123C}.Debug|Any CPU.Build.0 = Debug|Any CPU
		{506C441E-3F0C-4925-836A-081F512E123C}.Release|Any CPU.ActiveCfg = Release|Any CPU
		{506C441E-3F0C-4925-836A-081F512E123C}.Release|Any CPU.Build.0 = Release|Any CPU
	EndGlobalSection
	GlobalSection(SolutionProperties) = preSolution
		HideSolutionNode = FALSE
	EndGlobalSection
	GlobalSection(ExtensibilityGlobals) = postSolution
		SolutionGuid = {FABBE3BD-1F22-4FCA-BA0A-C81014ECF3CD}
	EndGlobalSection
EndGlobal
