
Microsoft Visual Studio Solution File, Format Version 12.00
# Visual Studio Version 17
VisualStudioVersion = 17.6.33723.286
MinimumVisualStudioVersion = 10.0.40219.1
Project("{FAE04EC0-301F-11D3-BF4B-00C04F79EFBC}") = "BTLearn01", "BTLearn01.csproj", "{777986F3-296B-4B0A-9808-87A1228CEDBC}"
EndProject
Project("{FAE04EC0-301F-11D3-BF4B-00C04F79EFBC}") = "BTLearn02", "..\BTLearn02\BTLearn02.csproj", "{0CE94BAB-5841-41D0-BF8D-5AD67CD802CE}"
EndProject
Project("{FAE04EC0-301F-11D3-BF4B-00C04F79EFBC}") = "BTLearn03", "..\BTLearn03\BTLearn03.csproj", "{F739BDAB-82DE-42FB-8350-431BE37D9D85}"
EndProject
Project("{FAE04EC0-301F-11D3-BF4B-00C04F79EFBC}") = "BTLearn04", "..\BTLearn04\BTLearn04.csproj", "{B4B59946-5ED9-48ED-A868-ADBC798B46A8}"
EndProject
Project("{FAE04EC0-301F-11D3-BF4B-00C04F79EFBC}") = "BTLearn05", "..\BTLearn05\BTLearn05.csproj", "{88749130-B2D8-4222-A2CF-564962A85C2E}"
EndProject
Global
	GlobalSection(SolutionConfigurationPlatforms) = preSolution
		Debug|Any CPU = Debug|Any CPU
		Release|Any CPU = Release|Any CPU
	EndGlobalSection
	GlobalSection(ProjectConfigurationPlatforms) = postSolution
		{777986F3-296B-4B0A-9808-87A1228CEDBC}.Debug|Any CPU.ActiveCfg = Debug|Any CPU
		{777986F3-296B-4B0A-9808-87A1228CEDBC}.Debug|Any CPU.Build.0 = Debug|Any CPU
		{777986F3-296B-4B0A-9808-87A1228CEDBC}.Release|Any CPU.ActiveCfg = Release|Any CPU
		{777986F3-296B-4B0A-9808-87A1228CEDBC}.Release|Any CPU.Build.0 = Release|Any CPU
		{0CE94BAB-5841-41D0-BF8D-5AD67CD802CE}.Debug|Any CPU.ActiveCfg = Debug|Any CPU
		{0CE94BAB-5841-41D0-BF8D-5AD67CD802CE}.Debug|Any CPU.Build.0 = Debug|Any CPU
		{0CE94BAB-5841-41D0-BF8D-5AD67CD802CE}.Release|Any CPU.ActiveCfg = Release|Any CPU
		{0CE94BAB-5841-41D0-BF8D-5AD67CD802CE}.Release|Any CPU.Build.0 = Release|Any CPU
		{F739BDAB-82DE-42FB-8350-431BE37D9D85}.Debug|Any CPU.ActiveCfg = Debug|Any CPU
		{F739BDAB-82DE-42FB-8350-431BE37D9D85}.Debug|Any CPU.Build.0 = Debug|Any CPU
		{F739BDAB-82DE-42FB-8350-431BE37D9D85}.Release|Any CPU.ActiveCfg = Release|Any CPU
		{F739BDAB-82DE-42FB-8350-431BE37D9D85}.Release|Any CPU.Build.0 = Release|Any CPU
		{B4B59946-5ED9-48ED-A868-ADBC798B46A8}.Debug|Any CPU.ActiveCfg = Debug|Any CPU
		{B4B59946-5ED9-48ED-A868-ADBC798B46A8}.Debug|Any CPU.Build.0 = Debug|Any CPU
		{B4B59946-5ED9-48ED-A868-ADBC798B46A8}.Release|Any CPU.ActiveCfg = Release|Any CPU
		{B4B59946-5ED9-48ED-A868-ADBC798B46A8}.Release|Any CPU.Build.0 = Release|Any CPU
		{88749130-B2D8-4222-A2CF-564962A85C2E}.Debug|Any CPU.ActiveCfg = Debug|Any CPU
		{88749130-B2D8-4222-A2CF-564962A85C2E}.Debug|Any CPU.Build.0 = Debug|Any CPU
		{88749130-B2D8-4222-A2CF-564962A85C2E}.Release|Any CPU.ActiveCfg = Release|Any CPU
		{88749130-B2D8-4222-A2CF-564962A85C2E}.Release|Any CPU.Build.0 = Release|Any CPU
	EndGlobalSection
	GlobalSection(SolutionProperties) = preSolution
		HideSolutionNode = FALSE
	EndGlobalSection
	GlobalSection(ExtensibilityGlobals) = postSolution
		SolutionGuid = {4B149E06-744A-4969-93EC-93648CC8455A}
	EndGlobalSection
EndGlobal
