
Microsoft Visual Studio Solution File, Format Version 12.00
# Visual Studio Version 17
VisualStudioVersion = 17.6.33723.286
MinimumVisualStudioVersion = 10.0.40219.1
Project("{FAE04EC0-301F-11D3-BF4B-00C04F79EFBC}") = "TH02", "TH02.csproj", "{23B27BD0-100F-421A-A8BA-D2FBD19E43E0}"
EndProject
Global
	GlobalSection(SolutionConfigurationPlatforms) = preSolution
		Debug|Any CPU = Debug|Any CPU
		Release|Any CPU = Release|Any CPU
	EndGlobalSection
	GlobalSection(ProjectConfigurationPlatforms) = postSolution
		{23B27BD0-100F-421A-A8BA-D2FBD19E43E0}.Debug|Any CPU.ActiveCfg = Debug|Any CPU
		{23B27BD0-100F-421A-A8BA-D2FBD19E43E0}.Debug|Any CPU.Build.0 = Debug|Any CPU
		{23B27BD0-100F-421A-A8BA-D2FBD19E43E0}.Release|Any CPU.ActiveCfg = Release|Any CPU
		{23B27BD0-100F-421A-A8BA-D2FBD19E43E0}.Release|Any CPU.Build.0 = Release|Any CPU
	EndGlobalSection
	GlobalSection(SolutionProperties) = preSolution
		HideSolutionNode = FALSE
	EndGlobalSection
	GlobalSection(ExtensibilityGlobals) = postSolution
		SolutionGuid = {4BA11C4C-3249-4A24-9263-6164DBA3FF6F}
	EndGlobalSection
EndGlobal
